<?xml version="1.0" encoding="utf-8"?>
<Project ToolsVersion="4.0" xmlns="http://schemas.microsoft.com/developer/msbuild/2003">
  <ItemGroup>
    <Filter Include="Source Files">
      <UniqueIdentifier>{4FC737F1-C7A5-4376-A066-2A32D752A2FF}</UniqueIdentifier>
      <Extensions>cpp;c;cc;cxx;def;odl;idl;hpj;bat;asm;asmx</Extensions>
    </Filter>
    <Filter Include="Header Files">
      <UniqueIdentifier>{93995380-89BD-4b04-88EB-625FBE52EBFB}</UniqueIdentifier>
      <Extensions>h;hh;hpp;hxx;hm;inl;inc;ipp;xsd</Extensions>
    </Filter>
    <Filter Include="Resource Files">
      <UniqueIdentifier>{67DA6AB6-F800-4c08-8B7A-83BB121AAD01}</UniqueIdentifier>
      <Extensions>rc;ico;cur;bmp;dlg;rc2;rct;bin;rgs;gif;jpg;jpeg;jpe;resx;tiff;tif;png;wav;mfcribbon-ms</Extensions>
    </Filter>
    <Filter Include="Source Files\Extend Files">
      <UniqueIdentifier>{1ceae3ff-cd8a-41d4-852b-f1f1dbc6f896}</UniqueIdentifier>
    </Filter>
    <Filter Include="Source Files\Phong Ban Files">
      <UniqueIdentifier>{f9988be9-137f-486c-9cf5-6fc00eb94d4b}</UniqueIdentifier>
    </Filter>
    <Filter Include="Source Files\Menu Files">
      <UniqueIdentifier>{1165eecc-84ea-4d04-9ee2-fd1082585343}</UniqueIdentifier>
    </Filter>
    <Filter Include="Source Files\Nhan Vien Files">
      <UniqueIdentifier>{38dc8db4-4d45-45bb-9c73-8bffa9c48d15}</UniqueIdentifier>
    </Filter>
  </ItemGroup>
  <ItemGroup>
    <ClInclude Include="extend.h">
      <Filter>Source Files\Extend Files</Filter>
    </ClInclude>
    <ClInclude Include="PhongBan.h">
      <Filter>Source Files\Phong Ban Files</Filter>
    </ClInclude>
    <ClInclude Include="MainMenu.h">
      <Filter>Source Files\Menu Files</Filter>
    </ClInclude>
    <ClInclude Include="PhongBanMenu.h">
      <Filter>Source Files\Menu Files</Filter>
    </ClInclude>
    <ClInclude Include="NhanVienMenu.h">
      <Filter>Source Files\Menu Files</Filter>
    </ClInclude>
    <ClInclude Include="fort.h">
      <Filter>Header Files</Filter>
    </ClInclude>
    <ClInclude Include="TimKiemMenu.h">
      <Filter>Source Files\Menu Files</Filter>
    </ClInclude>
  </ItemGroup>
  <ItemGroup>
    <ClCompile Include="Extend.cpp">
      <Filter>Source Files\Extend Files</Filter>
    </ClCompile>
    <ClCompile Include="PhongBan.cpp">
      <Filter>Source Files\Phong Ban Files</Filter>
    </ClCompile>
    <ClCompile Include="PhongBanMenu.cpp">
      <Filter>Source Files\Menu Files</Filter>
    </ClCompile>
    <ClCompile Include="MainMenu.cpp">
      <Filter>Source Files\Menu Files</Filter>
    </ClCompile>
    <ClCompile Include="NhanVienMenu.cpp">
      <Filter>Source Files\Menu Files</Filter>
    </ClCompile>
    <ClCompile Include="fort.c">
      <Filter>Source Files\Extend Files</Filter>
    </ClCompile>
    <ClCompile Include="main.cpp">
      <Filter>Source Files</Filter>
    </ClCompile>
    <ClCompile Include="TimKiemMenu.cpp">
      <Filter>Source Files\Menu Files</Filter>
    </ClCompile>
  </ItemGroup>
  <ItemGroup>
    <Text Include="file1.txt" />
  </ItemGroup>
</Project>